// !$*UTF8*$!
{
	archiveVersion = 1;
	classes = {
	};
	objectVersion = 56;
	objects = {

/* Begin PBXBuildFile section */
		1EBA106529F435CD00724D16 /* AppDelegate.swift in Sources */ = {isa = PBXBuildFile; fileRef = 1EBA106429F435CD00724D16 /* AppDelegate.swift */; };
		1EBA106729F435CD00724D16 /* SceneDelegate.swift in Sources */ = {isa = PBXBuildFile; fileRef = 1EBA106629F435CD00724D16 /* SceneDelegate.swift */; };
		1EBA106929F435CD00724D16 /* RMTabBarController.swift in Sources */ = {isa = PBXBuildFile; fileRef = 1EBA106829F435CD00724D16 /* RMTabBarController.swift */; };
		1EBA106E29F435CE00724D16 /* Assets.xcassets in Resources */ = {isa = PBXBuildFile; fileRef = 1EBA106D29F435CE00724D16 /* Assets.xcassets */; };
		1EBA107129F435CE00724D16 /* LaunchScreen.storyboard in Resources */ = {isa = PBXBuildFile; fileRef = 1EBA106F29F435CE00724D16 /* LaunchScreen.storyboard */; };
		1EBA108129F43A8400724D16 /* RMLocationViewController.swift in Sources */ = {isa = PBXBuildFile; fileRef = 1EBA108029F43A8400724D16 /* RMLocationViewController.swift */; };
		1EBA108329F43AA800724D16 /* RMCharacterViewController.swift in Sources */ = {isa = PBXBuildFile; fileRef = 1EBA108229F43AA800724D16 /* RMCharacterViewController.swift */; };
		1EBA108529F43AE000724D16 /* RMEpisodeViewController.swift in Sources */ = {isa = PBXBuildFile; fileRef = 1EBA108429F43AE000724D16 /* RMEpisodeViewController.swift */; };
		1EBA108729F43AF600724D16 /* RMSettingsViewController.swift in Sources */ = {isa = PBXBuildFile; fileRef = 1EBA108629F43AF600724D16 /* RMSettingsViewController.swift */; };
		1EBA108929F453A300724D16 /* RMService.swift in Sources */ = {isa = PBXBuildFile; fileRef = 1EBA108829F453A300724D16 /* RMService.swift */; };
		1EBA108B29F453C000724D16 /* RMRequest.swift in Sources */ = {isa = PBXBuildFile; fileRef = 1EBA108A29F453C000724D16 /* RMRequest.swift */; };
		1EBA108D29F458B300724D16 /* RMEndpoints.swift in Sources */ = {isa = PBXBuildFile; fileRef = 1EBA108C29F458B300724D16 /* RMEndpoints.swift */; };
		1EBA108F29F45D1800724D16 /* RMCharacter.swift in Sources */ = {isa = PBXBuildFile; fileRef = 1EBA108E29F45D1800724D16 /* RMCharacter.swift */; };
		1EBA109129F45E3F00724D16 /* RMOrigin.swift in Sources */ = {isa = PBXBuildFile; fileRef = 1EBA109029F45E3F00724D16 /* RMOrigin.swift */; };
		1EBA109329F45EF200724D16 /* RMLocation.swift in Sources */ = {isa = PBXBuildFile; fileRef = 1EBA109229F45EF200724D16 /* RMLocation.swift */; };
		1EBA109529F45F1300724D16 /* RMSingleLocation.swift in Sources */ = {isa = PBXBuildFile; fileRef = 1EBA109429F45F1300724D16 /* RMSingleLocation.swift */; };
		1EBA109729F45F7700724D16 /* RMCharacterStatus.swift in Sources */ = {isa = PBXBuildFile; fileRef = 1EBA109629F45F7700724D16 /* RMCharacterStatus.swift */; };
		1EBA109929F460A600724D16 /* RMCharacterGender.swift in Sources */ = {isa = PBXBuildFile; fileRef = 1EBA109829F460A600724D16 /* RMCharacterGender.swift */; };
		1EBA109B29F4633D00724D16 /* RMEpisode.swift in Sources */ = {isa = PBXBuildFile; fileRef = 1EBA109A29F4633D00724D16 /* RMEpisode.swift */; };
/* End PBXBuildFile section */

/* Begin PBXFileReference section */
		1EBA106129F435CD00724D16 /* RickAndMortyExample.app */ = {isa = PBXFileReference; explicitFileType = wrapper.application; includeInIndex = 0; path = RickAndMortyExample.app; sourceTree = BUILT_PRODUCTS_DIR; };
		1EBA106429F435CD00724D16 /* AppDelegate.swift */ = {isa = PBXFileReference; lastKnownFileType = sourcecode.swift; path = AppDelegate.swift; sourceTree = "<group>"; };
		1EBA106629F435CD00724D16 /* SceneDelegate.swift */ = {isa = PBXFileReference; lastKnownFileType = sourcecode.swift; path = SceneDelegate.swift; sourceTree = "<group>"; };
		1EBA106829F435CD00724D16 /* RMTabBarController.swift */ = {isa = PBXFileReference; lastKnownFileType = sourcecode.swift; path = RMTabBarController.swift; sourceTree = "<group>"; };
		1EBA106D29F435CE00724D16 /* Assets.xcassets */ = {isa = PBXFileReference; lastKnownFileType = folder.assetcatalog; path = Assets.xcassets; sourceTree = "<group>"; };
		1EBA107029F435CE00724D16 /* Base */ = {isa = PBXFileReference; lastKnownFileType = file.storyboard; name = Base; path = Base.lproj/LaunchScreen.storyboard; sourceTree = "<group>"; };
		1EBA107229F435CE00724D16 /* Info.plist */ = {isa = PBXFileReference; lastKnownFileType = text.plist.xml; path = Info.plist; sourceTree = "<group>"; };
		1EBA108029F43A8400724D16 /* RMLocationViewController.swift */ = {isa = PBXFileReference; lastKnownFileType = sourcecode.swift; path = RMLocationViewController.swift; sourceTree = "<group>"; };
		1EBA108229F43AA800724D16 /* RMCharacterViewController.swift */ = {isa = PBXFileReference; lastKnownFileType = sourcecode.swift; path = RMCharacterViewController.swift; sourceTree = "<group>"; };
		1EBA108429F43AE000724D16 /* RMEpisodeViewController.swift */ = {isa = PBXFileReference; lastKnownFileType = sourcecode.swift; path = RMEpisodeViewController.swift; sourceTree = "<group>"; };
		1EBA108629F43AF600724D16 /* RMSettingsViewController.swift */ = {isa = PBXFileReference; lastKnownFileType = sourcecode.swift; path = RMSettingsViewController.swift; sourceTree = "<group>"; };
		1EBA108829F453A300724D16 /* RMService.swift */ = {isa = PBXFileReference; lastKnownFileType = sourcecode.swift; path = RMService.swift; sourceTree = "<group>"; };
		1EBA108A29F453C000724D16 /* RMRequest.swift */ = {isa = PBXFileReference; lastKnownFileType = sourcecode.swift; path = RMRequest.swift; sourceTree = "<group>"; };
		1EBA108C29F458B300724D16 /* RMEndpoints.swift */ = {isa = PBXFileReference; lastKnownFileType = sourcecode.swift; path = RMEndpoints.swift; sourceTree = "<group>"; };
		1EBA108E29F45D1800724D16 /* RMCharacter.swift */ = {isa = PBXFileReference; lastKnownFileType = sourcecode.swift; path = RMCharacter.swift; sourceTree = "<group>"; };
		1EBA109029F45E3F00724D16 /* RMOrigin.swift */ = {isa = PBXFileReference; lastKnownFileType = sourcecode.swift; path = RMOrigin.swift; sourceTree = "<group>"; };
		1EBA109229F45EF200724D16 /* RMLocation.swift */ = {isa = PBXFileReference; lastKnownFileType = sourcecode.swift; path = RMLocation.swift; sourceTree = "<group>"; };
		1EBA109429F45F1300724D16 /* RMSingleLocation.swift */ = {isa = PBXFileReference; lastKnownFileType = sourcecode.swift; path = RMSingleLocation.swift; sourceTree = "<group>"; };
		1EBA109629F45F7700724D16 /* RMCharacterStatus.swift */ = {isa = PBXFileReference; lastKnownFileType = sourcecode.swift; path = RMCharacterStatus.swift; sourceTree = "<group>"; };
		1EBA109829F460A600724D16 /* RMCharacterGender.swift */ = {isa = PBXFileReference; lastKnownFileType = sourcecode.swift; path = RMCharacterGender.swift; sourceTree = "<group>"; };
		1EBA109A29F4633D00724D16 /* RMEpisode.swift */ = {isa = PBXFileReference; lastKnownFileType = sourcecode.swift; path = RMEpisode.swift; sourceTree = "<group>"; };
/* End PBXFileReference section */

/* Begin PBXFrameworksBuildPhase section */
		1EBA105E29F435CD00724D16 /* Frameworks */ = {
			isa = PBXFrameworksBuildPhase;
			buildActionMask = 2147483647;
			files = (
			);
			runOnlyForDeploymentPostprocessing = 0;
		};
/* End PBXFrameworksBuildPhase section */

/* Begin PBXGroup section */
		1EBA105829F435CD00724D16 = {
			isa = PBXGroup;
			children = (
				1EBA106329F435CD00724D16 /* RickAndMortyExample */,
				1EBA106229F435CD00724D16 /* Products */,
			);
			sourceTree = "<group>";
		};
		1EBA106229F435CD00724D16 /* Products */ = {
			isa = PBXGroup;
			children = (
				1EBA106129F435CD00724D16 /* RickAndMortyExample.app */,
			);
			name = Products;
			sourceTree = "<group>";
		};
		1EBA106329F435CD00724D16 /* RickAndMortyExample */ = {
			isa = PBXGroup;
			children = (
				1EBA107B29F438BC00724D16 /* Resources */,
				1EBA107E29F438DF00724D16 /* Managers */,
				1EBA107C29F438C500724D16 /* APIClient */,
				1EBA107A29F4389600724D16 /* ViewModels */,
				1EBA107829F4388400724D16 /* Views */,
				1EBA107929F4389100724D16 /* Models */,
				1EBA107D29F438D500724D16 /* Controllers */,
				1EBA107229F435CE00724D16 /* Info.plist */,
			);
			path = RickAndMortyExample;
			sourceTree = "<group>";
		};
		1EBA107829F4388400724D16 /* Views */ = {
			isa = PBXGroup;
			children = (
			);
			path = Views;
			sourceTree = "<group>";
		};
		1EBA107929F4389100724D16 /* Models */ = {
			isa = PBXGroup;
			children = (
				1EBA108E29F45D1800724D16 /* RMCharacter.swift */,
				1EBA109029F45E3F00724D16 /* RMOrigin.swift */,
				1EBA109229F45EF200724D16 /* RMLocation.swift */,
				1EBA109429F45F1300724D16 /* RMSingleLocation.swift */,
				1EBA109629F45F7700724D16 /* RMCharacterStatus.swift */,
				1EBA109829F460A600724D16 /* RMCharacterGender.swift */,
				1EBA109A29F4633D00724D16 /* RMEpisode.swift */,
			);
			path = Models;
			sourceTree = "<group>";
		};
		1EBA107A29F4389600724D16 /* ViewModels */ = {
			isa = PBXGroup;
			children = (
			);
			path = ViewModels;
			sourceTree = "<group>";
		};
		1EBA107B29F438BC00724D16 /* Resources */ = {
			isa = PBXGroup;
			children = (
				1EBA106F29F435CE00724D16 /* LaunchScreen.storyboard */,
				1EBA106D29F435CE00724D16 /* Assets.xcassets */,
				1EBA106429F435CD00724D16 /* AppDelegate.swift */,
				1EBA106629F435CD00724D16 /* SceneDelegate.swift */,
			);
			path = Resources;
			sourceTree = "<group>";
		};
		1EBA107C29F438C500724D16 /* APIClient */ = {
			isa = PBXGroup;
			children = (
				1EBA108829F453A300724D16 /* RMService.swift */,
				1EBA108A29F453C000724D16 /* RMRequest.swift */,
				1EBA108C29F458B300724D16 /* RMEndpoints.swift */,
			);
			path = APIClient;
			sourceTree = "<group>";
		};
		1EBA107D29F438D500724D16 /* Controllers */ = {
			isa = PBXGroup;
			children = (
				1EBA107F29F439BD00724D16 /* Core */,
			);
			path = Controllers;
			sourceTree = "<group>";
		};
		1EBA107E29F438DF00724D16 /* Managers */ = {
			isa = PBXGroup;
			children = (
			);
			path = Managers;
			sourceTree = "<group>";
		};
		1EBA107F29F439BD00724D16 /* Core */ = {
			isa = PBXGroup;
			children = (
				1EBA106829F435CD00724D16 /* RMTabBarController.swift */,
				1EBA108229F43AA800724D16 /* RMCharacterViewController.swift */,
				1EBA108029F43A8400724D16 /* RMLocationViewController.swift */,
				1EBA108429F43AE000724D16 /* RMEpisodeViewController.swift */,
				1EBA108629F43AF600724D16 /* RMSettingsViewController.swift */,
			);
			path = Core;
			sourceTree = "<group>";
		};
/* End PBXGroup section */

/* Begin PBXNativeTarget section */
		1EBA106029F435CD00724D16 /* RickAndMortyExample */ = {
			isa = PBXNativeTarget;
			buildConfigurationList = 1EBA107529F435CE00724D16 /* Build configuration list for PBXNativeTarget "RickAndMortyExample" */;
			buildPhases = (
				1EBA105D29F435CD00724D16 /* Sources */,
				1EBA105E29F435CD00724D16 /* Frameworks */,
				1EBA105F29F435CD00724D16 /* Resources */,
			);
			buildRules = (
			);
			dependencies = (
			);
			name = RickAndMortyExample;
			productName = RickAndMortyExample;
			productReference = 1EBA106129F435CD00724D16 /* RickAndMortyExample.app */;
			productType = "com.apple.product-type.application";
		};
/* End PBXNativeTarget section */

/* Begin PBXProject section */
		1EBA105929F435CD00724D16 /* Project object */ = {
			isa = PBXProject;
			attributes = {
				BuildIndependentTargetsInParallel = 1;
				LastSwiftUpdateCheck = 1420;
				LastUpgradeCheck = 1420;
				TargetAttributes = {
					1EBA106029F435CD00724D16 = {
						CreatedOnToolsVersion = 14.2;
					};
				};
			};
			buildConfigurationList = 1EBA105C29F435CD00724D16 /* Build configuration list for PBXProject "RickAndMortyExample" */;
			compatibilityVersion = "Xcode 14.0";
			developmentRegion = en;
			hasScannedForEncodings = 0;
			knownRegions = (
				en,
				Base,
			);
			mainGroup = 1EBA105829F435CD00724D16;
			productRefGroup = 1EBA106229F435CD00724D16 /* Products */;
			projectDirPath = "";
			projectRoot = "";
			targets = (
				1EBA106029F435CD00724D16 /* RickAndMortyExample */,
			);
		};
/* End PBXProject section */

/* Begin PBXResourcesBuildPhase section */
		1EBA105F29F435CD00724D16 /* Resources */ = {
			isa = PBXResourcesBuildPhase;
			buildActionMask = 2147483647;
			files = (
				1EBA107129F435CE00724D16 /* LaunchScreen.storyboard in Resources */,
				1EBA106E29F435CE00724D16 /* Assets.xcassets in Resources */,
			);
			runOnlyForDeploymentPostprocessing = 0;
		};
/* End PBXResourcesBuildPhase section */

/* Begin PBXSourcesBuildPhase section */
		1EBA105D29F435CD00724D16 /* Sources */ = {
			isa = PBXSourcesBuildPhase;
			buildActionMask = 2147483647;
			files = (
				1EBA108329F43AA800724D16 /* RMCharacterViewController.swift in Sources */,
				1EBA108B29F453C000724D16 /* RMRequest.swift in Sources */,
				1EBA108129F43A8400724D16 /* RMLocationViewController.swift in Sources */,
				1EBA109929F460A600724D16 /* RMCharacterGender.swift in Sources */,
				1EBA109529F45F1300724D16 /* RMSingleLocation.swift in Sources */,
				1EBA108929F453A300724D16 /* RMService.swift in Sources */,
				1EBA109129F45E3F00724D16 /* RMOrigin.swift in Sources */,
				1EBA106929F435CD00724D16 /* RMTabBarController.swift in Sources */,
				1EBA109329F45EF200724D16 /* RMLocation.swift in Sources */,
				1EBA108529F43AE000724D16 /* RMEpisodeViewController.swift in Sources */,
				1EBA109729F45F7700724D16 /* RMCharacterStatus.swift in Sources */,
				1EBA106529F435CD00724D16 /* AppDelegate.swift in Sources */,
				1EBA108D29F458B300724D16 /* RMEndpoints.swift in Sources */,
				1EBA108729F43AF600724D16 /* RMSettingsViewController.swift in Sources */,
				1EBA106729F435CD00724D16 /* SceneDelegate.swift in Sources */,
				1EBA109B29F4633D00724D16 /* RMEpisode.swift in Sources */,
				1EBA108F29F45D1800724D16 /* RMCharacter.swift in Sources */,
			);
			runOnlyForDeploymentPostprocessing = 0;
		};
/* End PBXSourcesBuildPhase section */

/* Begin PBXVariantGroup section */
		1EBA106F29F435CE00724D16 /* LaunchScreen.storyboard */ = {
			isa = PBXVariantGroup;
			children = (
				1EBA107029F435CE00724D16 /* Base */,
			);
			name = LaunchScreen.storyboard;
			sourceTree = "<group>";
		};
/* End PBXVariantGroup section */

/* Begin XCBuildConfiguration section */
		1EBA107329F435CE00724D16 /* Debug */ = {
			isa = XCBuildConfiguration;
			buildSettings = {
				ALWAYS_SEARCH_USER_PATHS = NO;
				CLANG_ANALYZER_NONNULL = YES;
				CLANG_ANALYZER_NUMBER_OBJECT_CONVERSION = YES_AGGRESSIVE;
				CLANG_CXX_LANGUAGE_STANDARD = "gnu++20";
				CLANG_ENABLE_MODULES = YES;
				CLANG_ENABLE_OBJC_ARC = YES;
				CLANG_ENABLE_OBJC_WEAK = YES;
				CLANG_WARN_BLOCK_CAPTURE_AUTORELEASING = YES;
				CLANG_WARN_BOOL_CONVERSION = YES;
				CLANG_WARN_COMMA = YES;
				CLANG_WARN_CONSTANT_CONVERSION = YES;
				CLANG_WARN_DEPRECATED_OBJC_IMPLEMENTATIONS = YES;
				CLANG_WARN_DIRECT_OBJC_ISA_USAGE = YES_ERROR;
				CLANG_WARN_DOCUMENTATION_COMMENTS = YES;
				CLANG_WARN_EMPTY_BODY = YES;
				CLANG_WARN_ENUM_CONVERSION = YES;
				CLANG_WARN_INFINITE_RECURSION = YES;
				CLANG_WARN_INT_CONVERSION = YES;
				CLANG_WARN_NON_LITERAL_NULL_CONVERSION = YES;
				CLANG_WARN_OBJC_IMPLICIT_RETAIN_SELF = YES;
				CLANG_WARN_OBJC_LITERAL_CONVERSION = YES;
				CLANG_WARN_OBJC_ROOT_CLASS = YES_ERROR;
				CLANG_WARN_QUOTED_INCLUDE_IN_FRAMEWORK_HEADER = YES;
				CLANG_WARN_RANGE_LOOP_ANALYSIS = YES;
				CLANG_WARN_STRICT_PROTOTYPES = YES;
				CLANG_WARN_SUSPICIOUS_MOVE = YES;
				CLANG_WARN_UNGUARDED_AVAILABILITY = YES_AGGRESSIVE;
				CLANG_WARN_UNREACHABLE_CODE = YES;
				CLANG_WARN__DUPLICATE_METHOD_MATCH = YES;
				COPY_PHASE_STRIP = NO;
				DEBUG_INFORMATION_FORMAT = dwarf;
				ENABLE_STRICT_OBJC_MSGSEND = YES;
				ENABLE_TESTABILITY = YES;
				GCC_C_LANGUAGE_STANDARD = gnu11;
				GCC_DYNAMIC_NO_PIC = NO;
				GCC_NO_COMMON_BLOCKS = YES;
				GCC_OPTIMIZATION_LEVEL = 0;
				GCC_PREPROCESSOR_DEFINITIONS = (
					"DEBUG=1",
					"$(inherited)",
				);
				GCC_WARN_64_TO_32_BIT_CONVERSION = YES;
				GCC_WARN_ABOUT_RETURN_TYPE = YES_ERROR;
				GCC_WARN_UNDECLARED_SELECTOR = YES;
				GCC_WARN_UNINITIALIZED_AUTOS = YES_AGGRESSIVE;
				GCC_WARN_UNUSED_FUNCTION = YES;
				GCC_WARN_UNUSED_VARIABLE = YES;
				IPHONEOS_DEPLOYMENT_TARGET = 16.2;
				MTL_ENABLE_DEBUG_INFO = INCLUDE_SOURCE;
				MTL_FAST_MATH = YES;
				ONLY_ACTIVE_ARCH = YES;
				SDKROOT = iphoneos;
				SWIFT_ACTIVE_COMPILATION_CONDITIONS = DEBUG;
				SWIFT_OPTIMIZATION_LEVEL = "-Onone";
			};
			name = Debug;
		};
		1EBA107429F435CE00724D16 /* Release */ = {
			isa = XCBuildConfiguration;
			buildSettings = {
				ALWAYS_SEARCH_USER_PATHS = NO;
				CLANG_ANALYZER_NONNULL = YES;
				CLANG_ANALYZER_NUMBER_OBJECT_CONVERSION = YES_AGGRESSIVE;
				CLANG_CXX_LANGUAGE_STANDARD = "gnu++20";
				CLANG_ENABLE_MODULES = YES;
				CLANG_ENABLE_OBJC_ARC = YES;
				CLANG_ENABLE_OBJC_WEAK = YES;
				CLANG_WARN_BLOCK_CAPTURE_AUTORELEASING = YES;
				CLANG_WARN_BOOL_CONVERSION = YES;
				CLANG_WARN_COMMA = YES;
				CLANG_WARN_CONSTANT_CONVERSION = YES;
				CLANG_WARN_DEPRECATED_OBJC_IMPLEMENTATIONS = YES;
				CLANG_WARN_DIRECT_OBJC_ISA_USAGE = YES_ERROR;
				CLANG_WARN_DOCUMENTATION_COMMENTS = YES;
				CLANG_WARN_EMPTY_BODY = YES;
				CLANG_WARN_ENUM_CONVERSION = YES;
				CLANG_WARN_INFINITE_RECURSION = YES;
				CLANG_WARN_INT_CONVERSION = YES;
				CLANG_WARN_NON_LITERAL_NULL_CONVERSION = YES;
				CLANG_WARN_OBJC_IMPLICIT_RETAIN_SELF = YES;
				CLANG_WARN_OBJC_LITERAL_CONVERSION = YES;
				CLANG_WARN_OBJC_ROOT_CLASS = YES_ERROR;
				CLANG_WARN_QUOTED_INCLUDE_IN_FRAMEWORK_HEADER = YES;
				CLANG_WARN_RANGE_LOOP_ANALYSIS = YES;
				CLANG_WARN_STRICT_PROTOTYPES = YES;
				CLANG_WARN_SUSPICIOUS_MOVE = YES;
				CLANG_WARN_UNGUARDED_AVAILABILITY = YES_AGGRESSIVE;
				CLANG_WARN_UNREACHABLE_CODE = YES;
				CLANG_WARN__DUPLICATE_METHOD_MATCH = YES;
				COPY_PHASE_STRIP = NO;
				DEBUG_INFORMATION_FORMAT = "dwarf-with-dsym";
				ENABLE_NS_ASSERTIONS = NO;
				ENABLE_STRICT_OBJC_MSGSEND = YES;
				GCC_C_LANGUAGE_STANDARD = gnu11;
				GCC_NO_COMMON_BLOCKS = YES;
				GCC_WARN_64_TO_32_BIT_CONVERSION = YES;
				GCC_WARN_ABOUT_RETURN_TYPE = YES_ERROR;
				GCC_WARN_UNDECLARED_SELECTOR = YES;
				GCC_WARN_UNINITIALIZED_AUTOS = YES_AGGRESSIVE;
				GCC_WARN_UNUSED_FUNCTION = YES;
				GCC_WARN_UNUSED_VARIABLE = YES;
				IPHONEOS_DEPLOYMENT_TARGET = 16.2;
				MTL_ENABLE_DEBUG_INFO = NO;
				MTL_FAST_MATH = YES;
				SDKROOT = iphoneos;
				SWIFT_COMPILATION_MODE = wholemodule;
				SWIFT_OPTIMIZATION_LEVEL = "-O";
				VALIDATE_PRODUCT = YES;
			};
			name = Release;
		};
		1EBA107629F435CE00724D16 /* Debug */ = {
			isa = XCBuildConfiguration;
			buildSettings = {
				ASSETCATALOG_COMPILER_APPICON_NAME = AppIcon;
				ASSETCATALOG_COMPILER_GLOBAL_ACCENT_COLOR_NAME = AccentColor;
				CODE_SIGN_STYLE = Automatic;
				CURRENT_PROJECT_VERSION = 1;
				GENERATE_INFOPLIST_FILE = YES;
				INFOPLIST_FILE = RickAndMortyExample/Info.plist;
				INFOPLIST_KEY_UIApplicationSupportsIndirectInputEvents = YES;
				INFOPLIST_KEY_UILaunchStoryboardName = LaunchScreen;
				INFOPLIST_KEY_UISupportedInterfaceOrientations_iPad = "UIInterfaceOrientationPortrait UIInterfaceOrientationPortraitUpsideDown UIInterfaceOrientationLandscapeLeft UIInterfaceOrientationLandscapeRight";
				INFOPLIST_KEY_UISupportedInterfaceOrientations_iPhone = "UIInterfaceOrientationPortrait UIInterfaceOrientationLandscapeLeft UIInterfaceOrientationLandscapeRight";
				LD_RUNPATH_SEARCH_PATHS = (
					"$(inherited)",
					"@executable_path/Frameworks",
				);
				MARKETING_VERSION = 1.0;
				PRODUCT_BUNDLE_IDENTIFIER = com.batuhanyetgin.RickAndMortyExample;
				PRODUCT_NAME = "$(TARGET_NAME)";
				SWIFT_EMIT_LOC_STRINGS = YES;
				SWIFT_VERSION = 5.0;
				TARGETED_DEVICE_FAMILY = "1,2";
			};
			name = Debug;
		};
		1EBA107729F435CE00724D16 /* Release */ = {
			isa = XCBuildConfiguration;
			buildSettings = {
				ASSETCATALOG_COMPILER_APPICON_NAME = AppIcon;
				ASSETCATALOG_COMPILER_GLOBAL_ACCENT_COLOR_NAME = AccentColor;
				CODE_SIGN_STYLE = Automatic;
				CURRENT_PROJECT_VERSION = 1;
				GENERATE_INFOPLIST_FILE = YES;
				INFOPLIST_FILE = RickAndMortyExample/Info.plist;
				INFOPLIST_KEY_UIApplicationSupportsIndirectInputEvents = YES;
				INFOPLIST_KEY_UILaunchStoryboardName = LaunchScreen;
				INFOPLIST_KEY_UISupportedInterfaceOrientations_iPad = "UIInterfaceOrientationPortrait UIInterfaceOrientationPortraitUpsideDown UIInterfaceOrientationLandscapeLeft UIInterfaceOrientationLandscapeRight";
				INFOPLIST_KEY_UISupportedInterfaceOrientations_iPhone = "UIInterfaceOrientationPortrait UIInterfaceOrientationLandscapeLeft UIInterfaceOrientationLandscapeRight";
				LD_RUNPATH_SEARCH_PATHS = (
					"$(inherited)",
					"@executable_path/Frameworks",
				);
				MARKETING_VERSION = 1.0;
				PRODUCT_BUNDLE_IDENTIFIER = com.batuhanyetgin.RickAndMortyExample;
				PRODUCT_NAME = "$(TARGET_NAME)";
				SWIFT_EMIT_LOC_STRINGS = YES;
				SWIFT_VERSION = 5.0;
				TARGETED_DEVICE_FAMILY = "1,2";
			};
			name = Release;
		};
/* End XCBuildConfiguration section */

/* Begin XCConfigurationList section */
		1EBA105C29F435CD00724D16 /* Build configuration list for PBXProject "RickAndMortyExample" */ = {
			isa = XCConfigurationList;
			buildConfigurations = (
				1EBA107329F435CE00724D16 /* Debug */,
				1EBA107429F435CE00724D16 /* Release */,
			);
			defaultConfigurationIsVisible = 0;
			defaultConfigurationName = Release;
		};
		1EBA107529F435CE00724D16 /* Build configuration list for PBXNativeTarget "RickAndMortyExample" */ = {
			isa = XCConfigurationList;
			buildConfigurations = (
				1EBA107629F435CE00724D16 /* Debug */,
				1EBA107729F435CE00724D16 /* Release */,
			);
			defaultConfigurationIsVisible = 0;
			defaultConfigurationName = Release;
		};
/* End XCConfigurationList section */
	};
	rootObject = 1EBA105929F435CD00724D16 /* Project object */;
}
